
Microsoft Visual Studio Solution File, Format Version 12.00
# Visual Studio 15
VisualStudioVersion = 15.0.28307.136
MinimumVisualStudioVersion = 10.0.40219.1
Project("{9A19103F-16F7-4668-BE54-9A1E7A4F7556}") = "HLab.Erp.Workflows.UTest", "HLab.Erp.Workflows.UTest\HLab.Erp.Workflows.UTest.csproj", "{BF73E335-8C82-43FB-9526-E230337C58DE}"
EndProject
Project("{FAE04EC0-301F-11D3-BF4B-00C04F79EFBC}") = "HLab.Erp.Workflows.Wpf", "..\HLab.Erp.Workflows.Wpf\HLab.Erp.Workflows.Wpf.csproj", "{526A8792-CCCD-41AF-931A-B594CADFF229}"
EndProject
Project("{FAE04EC0-301F-11D3-BF4B-00C04F79EFBC}") = "HLab.Erp.Workflows", "..\HLab.Erp.Workflows\HLab.Erp.Workflows.csproj", "{A276C732-A269-42ED-AE68-F25BBD7DF56E}"
EndProject
Global
	GlobalSection(SolutionConfigurationPlatforms) = preSolution
		Debug|Any CPU = Debug|Any CPU
		Debug|x64 = Debug|x64
		Debug|x86 = Debug|x86
		Release|Any CPU = Release|Any CPU
		Release|x64 = Release|x64
		Release|x86 = Release|x86
	EndGlobalSection
	GlobalSection(ProjectConfigurationPlatforms) = postSolution
		{BF73E335-8C82-43FB-9526-E230337C58DE}.Debug|Any CPU.ActiveCfg = Debug|Any CPU
		{BF73E335-8C82-43FB-9526-E230337C58DE}.Debug|Any CPU.Build.0 = Debug|Any CPU
		{BF73E335-8C82-43FB-9526-E230337C58DE}.Debug|x64.ActiveCfg = Debug|Any CPU
		{BF73E335-8C82-43FB-9526-E230337C58DE}.Debug|x64.Build.0 = Debug|Any CPU
		{BF73E335-8C82-43FB-9526-E230337C58DE}.Debug|x86.ActiveCfg = Debug|Any CPU
		{BF73E335-8C82-43FB-9526-E230337C58DE}.Debug|x86.Build.0 = Debug|Any CPU
		{BF73E335-8C82-43FB-9526-E230337C58DE}.Release|Any CPU.ActiveCfg = Release|Any CPU
		{BF73E335-8C82-43FB-9526-E230337C58DE}.Release|Any CPU.Build.0 = Release|Any CPU
		{BF73E335-8C82-43FB-9526-E230337C58DE}.Release|x64.ActiveCfg = Release|Any CPU
		{BF73E335-8C82-43FB-9526-E230337C58DE}.Release|x64.Build.0 = Release|Any CPU
		{BF73E335-8C82-43FB-9526-E230337C58DE}.Release|x86.ActiveCfg = Release|Any CPU
		{BF73E335-8C82-43FB-9526-E230337C58DE}.Release|x86.Build.0 = Release|Any CPU
		{526A8792-CCCD-41AF-931A-B594CADFF229}.Debug|Any CPU.ActiveCfg = Debug|Any CPU
		{526A8792-CCCD-41AF-931A-B594CADFF229}.Debug|Any CPU.Build.0 = Debug|Any CPU
		{526A8792-CCCD-41AF-931A-B594CADFF229}.Debug|x64.ActiveCfg = Debug|x64
		{526A8792-CCCD-41AF-931A-B594CADFF229}.Debug|x64.Build.0 = Debug|x64
		{526A8792-CCCD-41AF-931A-B594CADFF229}.Debug|x86.ActiveCfg = Debug|x86
		{526A8792-CCCD-41AF-931A-B594CADFF229}.Debug|x86.Build.0 = Debug|x86
		{526A8792-CCCD-41AF-931A-B594CADFF229}.Release|Any CPU.ActiveCfg = Release|Any CPU
		{526A8792-CCCD-41AF-931A-B594CADFF229}.Release|Any CPU.Build.0 = Release|Any CPU
		{526A8792-CCCD-41AF-931A-B594CADFF229}.Release|x64.ActiveCfg = Release|x64
		{526A8792-CCCD-41AF-931A-B594CADFF229}.Release|x64.Build.0 = Release|x64
		{526A8792-CCCD-41AF-931A-B594CADFF229}.Release|x86.ActiveCfg = Release|x86
		{526A8792-CCCD-41AF-931A-B594CADFF229}.Release|x86.Build.0 = Release|x86
		{A276C732-A269-42ED-AE68-F25BBD7DF56E}.Debug|Any CPU.ActiveCfg = Debug|Any CPU
		{A276C732-A269-42ED-AE68-F25BBD7DF56E}.Debug|Any CPU.Build.0 = Debug|Any CPU
		{A276C732-A269-42ED-AE68-F25BBD7DF56E}.Debug|x64.ActiveCfg = Debug|Any CPU
		{A276C732-A269-42ED-AE68-F25BBD7DF56E}.Debug|x64.Build.0 = Debug|Any CPU
		{A276C732-A269-42ED-AE68-F25BBD7DF56E}.Debug|x86.ActiveCfg = Debug|Any CPU
		{A276C732-A269-42ED-AE68-F25BBD7DF56E}.Debug|x86.Build.0 = Debug|Any CPU
		{A276C732-A269-42ED-AE68-F25BBD7DF56E}.Release|Any CPU.ActiveCfg = Release|Any CPU
		{A276C732-A269-42ED-AE68-F25BBD7DF56E}.Release|Any CPU.Build.0 = Release|Any CPU
		{A276C732-A269-42ED-AE68-F25BBD7DF56E}.Release|x64.ActiveCfg = Release|Any CPU
		{A276C732-A269-42ED-AE68-F25BBD7DF56E}.Release|x64.Build.0 = Release|Any CPU
		{A276C732-A269-42ED-AE68-F25BBD7DF56E}.Release|x86.ActiveCfg = Release|Any CPU
		{A276C732-A269-42ED-AE68-F25BBD7DF56E}.Release|x86.Build.0 = Release|Any CPU
	EndGlobalSection
	GlobalSection(SolutionProperties) = preSolution
		HideSolutionNode = FALSE
	EndGlobalSection
	GlobalSection(ExtensibilityGlobals) = postSolution
		SolutionGuid = {8E048D87-BD3F-4865-9EEF-39C1F332EC96}
	EndGlobalSection
EndGlobal
